// !$*UTF8*$!
{
	archiveVersion = 1;
	classes = {
	};
	objectVersion = 56;
	objects = {

/* Begin PBXBuildFile section */
		C034B3F62A379EFC00919D2A /* AppDelegate.swift in Sources */ = {isa = PBXBuildFile; fileRef = C034B3F52A379EFC00919D2A /* AppDelegate.swift */; };
		C034B3F82A379EFC00919D2A /* SceneDelegate.swift in Sources */ = {isa = PBXBuildFile; fileRef = C034B3F72A379EFC00919D2A /* SceneDelegate.swift */; };
		C034B3FD2A379EFC00919D2A /* Main.storyboard in Resources */ = {isa = PBXBuildFile; fileRef = C034B3FB2A379EFC00919D2A /* Main.storyboard */; };
		C034B3FF2A379EFC00919D2A /* Assets.xcassets in Resources */ = {isa = PBXBuildFile; fileRef = C034B3FE2A379EFC00919D2A /* Assets.xcassets */; };
		C034B4022A379EFC00919D2A /* LaunchScreen.storyboard in Resources */ = {isa = PBXBuildFile; fileRef = C034B4002A379EFC00919D2A /* LaunchScreen.storyboard */; };
		C034B4162A37A26400919D2A /* BatchService.swift in Sources */ = {isa = PBXBuildFile; fileRef = C034B40E2A37A26400919D2A /* BatchService.swift */; };
		C034B4172A37A26400919D2A /* Queries.swift in Sources */ = {isa = PBXBuildFile; fileRef = C034B40F2A37A26400919D2A /* Queries.swift */; };
		C034B4182A37A26400919D2A /* Push.swift in Sources */ = {isa = PBXBuildFile; fileRef = C034B4102A37A26400919D2A /* Push.swift */; };
		C034B4192A37A26400919D2A /* Ref.swift in Sources */ = {isa = PBXBuildFile; fileRef = C034B4112A37A26400919D2A /* Ref.swift */; };
		C034B41A2A37A26400919D2A /* RealmHelper.swift in Sources */ = {isa = PBXBuildFile; fileRef = C034B4122A37A26400919D2A /* RealmHelper.swift */; };
		C034B41B2A37A26400919D2A /* StorageHelpers.swift in Sources */ = {isa = PBXBuildFile; fileRef = C034B4132A37A26400919D2A /* StorageHelpers.swift */; };
		C034B41C2A37A26400919D2A /* DatabaseHelpers.swift in Sources */ = {isa = PBXBuildFile; fileRef = C034B4142A37A26400919D2A /* DatabaseHelpers.swift */; };
		C034B41D2A37A26400919D2A /* Database.swift in Sources */ = {isa = PBXBuildFile; fileRef = C034B4152A37A26400919D2A /* Database.swift */; };
		C034B4202A37A4D800919D2A /* AppCoordinator.swift in Sources */ = {isa = PBXBuildFile; fileRef = C034B41F2A37A4D800919D2A /* AppCoordinator.swift */; };
		C034B4252A37A50B00919D2A /* InitialViewModel.swift in Sources */ = {isa = PBXBuildFile; fileRef = C034B4222A37A50B00919D2A /* InitialViewModel.swift */; };
		C034B4262A37A50B00919D2A /* InitialViewController.swift in Sources */ = {isa = PBXBuildFile; fileRef = C034B4232A37A50B00919D2A /* InitialViewController.swift */; };
		C034B4272A37A50B00919D2A /* InitialCoordinator.swift in Sources */ = {isa = PBXBuildFile; fileRef = C034B4242A37A50B00919D2A /* InitialCoordinator.swift */; };
		C034B42A2A37A55300919D2A /* AuthenticationCoordinator.swift in Sources */ = {isa = PBXBuildFile; fileRef = C034B4292A37A55300919D2A /* AuthenticationCoordinator.swift */; };
		C034B4442A37A58400919D2A /* SignEmailViewController.swift in Sources */ = {isa = PBXBuildFile; fileRef = C034B42C2A37A58400919D2A /* SignEmailViewController.swift */; };
		C034B4452A37A58400919D2A /* SignEmailView.swift in Sources */ = {isa = PBXBuildFile; fileRef = C034B42D2A37A58400919D2A /* SignEmailView.swift */; };
		C034B4462A37A58400919D2A /* SignUpViewController.swift in Sources */ = {isa = PBXBuildFile; fileRef = C034B42F2A37A58400919D2A /* SignUpViewController.swift */; };
		C034B4472A37A58400919D2A /* SignUpViewModel.swift in Sources */ = {isa = PBXBuildFile; fileRef = C034B4302A37A58400919D2A /* SignUpViewModel.swift */; };
		C034B4482A37A58400919D2A /* SignUpView.swift in Sources */ = {isa = PBXBuildFile; fileRef = C034B4312A37A58400919D2A /* SignUpView.swift */; };
		C034B4492A37A58400919D2A /* VerifyPhoneView.swift in Sources */ = {isa = PBXBuildFile; fileRef = C034B4332A37A58400919D2A /* VerifyPhoneView.swift */; };
		C034B44A2A37A58400919D2A /* VerifyPhoneViewController.swift in Sources */ = {isa = PBXBuildFile; fileRef = C034B4342A37A58400919D2A /* VerifyPhoneViewController.swift */; };
		C034B44B2A37A58400919D2A /* OnboardingProgressView.swift in Sources */ = {isa = PBXBuildFile; fileRef = C034B4362A37A58400919D2A /* OnboardingProgressView.swift */; };
		C034B44C2A37A58400919D2A /* OnboardingViewController.swift in Sources */ = {isa = PBXBuildFile; fileRef = C034B4372A37A58400919D2A /* OnboardingViewController.swift */; };
		C034B44D2A37A58400919D2A /* OnboardingCell.swift in Sources */ = {isa = PBXBuildFile; fileRef = C034B4382A37A58400919D2A /* OnboardingCell.swift */; };
		C034B44E2A37A58400919D2A /* OnboardingViewModel.swift in Sources */ = {isa = PBXBuildFile; fileRef = C034B4392A37A58400919D2A /* OnboardingViewModel.swift */; };
		C034B44F2A37A58400919D2A /* SignViewModel.swift in Sources */ = {isa = PBXBuildFile; fileRef = C034B43B2A37A58400919D2A /* SignViewModel.swift */; };
		C034B4502A37A58400919D2A /* SignView.swift in Sources */ = {isa = PBXBuildFile; fileRef = C034B43C2A37A58400919D2A /* SignView.swift */; };
		C034B4512A37A58400919D2A /* SignViewController.swift in Sources */ = {isa = PBXBuildFile; fileRef = C034B43D2A37A58400919D2A /* SignViewController.swift */; };
		C034B4522A37A58400919D2A /* SignHeaderView.swift in Sources */ = {isa = PBXBuildFile; fileRef = C034B43F2A37A58400919D2A /* SignHeaderView.swift */; };
		C034B4532A37A58400919D2A /* SignPhoneViewModel.swift in Sources */ = {isa = PBXBuildFile; fileRef = C034B4412A37A58400919D2A /* SignPhoneViewModel.swift */; };
		C034B4542A37A58400919D2A /* SignPhoneView.swift in Sources */ = {isa = PBXBuildFile; fileRef = C034B4422A37A58400919D2A /* SignPhoneView.swift */; };
		C034B4552A37A58400919D2A /* SignPhoneViewController.swift in Sources */ = {isa = PBXBuildFile; fileRef = C034B4432A37A58400919D2A /* SignPhoneViewController.swift */; };
		C034B4592A37A5C300919D2A /* TabBarCoordinator.swift in Sources */ = {isa = PBXBuildFile; fileRef = C034B4572A37A5C300919D2A /* TabBarCoordinator.swift */; };
		C034B45A2A37A5C300919D2A /* TabBarController.swift in Sources */ = {isa = PBXBuildFile; fileRef = C034B4582A37A5C300919D2A /* TabBarController.swift */; };
		C034B46C2A37A7E000919D2A /* TopWishesViewModel.swift in Sources */ = {isa = PBXBuildFile; fileRef = C034B45D2A37A7E000919D2A /* TopWishesViewModel.swift */; };
		C034B46D2A37A7E000919D2A /* CityMomentsViewController.swift in Sources */ = {isa = PBXBuildFile; fileRef = C034B45E2A37A7E000919D2A /* CityMomentsViewController.swift */; };
		C034B46E2A37A7E000919D2A /* HomeViewModel.swift in Sources */ = {isa = PBXBuildFile; fileRef = C034B45F2A37A7E000919D2A /* HomeViewModel.swift */; };
		C034B46F2A37A7E000919D2A /* CityViewModel.swift in Sources */ = {isa = PBXBuildFile; fileRef = C034B4602A37A7E000919D2A /* CityViewModel.swift */; };
		C034B4702A37A7E000919D2A /* HomeViewController.swift in Sources */ = {isa = PBXBuildFile; fileRef = C034B4612A37A7E000919D2A /* HomeViewController.swift */; };
		C034B4712A37A7E000919D2A /* CityViewController.swift in Sources */ = {isa = PBXBuildFile; fileRef = C034B4622A37A7E000919D2A /* CityViewController.swift */; };
		C034B4722A37A7E000919D2A /* TopWishesViewController.swift in Sources */ = {isa = PBXBuildFile; fileRef = C034B4632A37A7E000919D2A /* TopWishesViewController.swift */; };
		C034B4732A37A7E000919D2A /* SearchViewController.swift in Sources */ = {isa = PBXBuildFile; fileRef = C034B4652A37A7E000919D2A /* SearchViewController.swift */; };
		C034B4742A37A7E000919D2A /* SearchViewModel.swift in Sources */ = {isa = PBXBuildFile; fileRef = C034B4662A37A7E000919D2A /* SearchViewModel.swift */; };
		C034B4752A37A7E000919D2A /* HouseViewModel.swift in Sources */ = {isa = PBXBuildFile; fileRef = C034B4682A37A7E000919D2A /* HouseViewModel.swift */; };
		C034B4762A37A7E000919D2A /* HouseView.swift in Sources */ = {isa = PBXBuildFile; fileRef = C034B4692A37A7E000919D2A /* HouseView.swift */; };
		C034B4772A37A7E000919D2A /* HouseViewController.swift in Sources */ = {isa = PBXBuildFile; fileRef = C034B46A2A37A7E000919D2A /* HouseViewController.swift */; };
		C034B4782A37A7E000919D2A /* FeedCoordinator.swift in Sources */ = {isa = PBXBuildFile; fileRef = C034B46B2A37A7E000919D2A /* FeedCoordinator.swift */; };
		C034B4972A37A7F700919D2A /* MapViewController.swift in Sources */ = {isa = PBXBuildFile; fileRef = C034B47B2A37A7F600919D2A /* MapViewController.swift */; };
		C034B4982A37A7F700919D2A /* MapViewModel.swift in Sources */ = {isa = PBXBuildFile; fileRef = C034B47C2A37A7F600919D2A /* MapViewModel.swift */; };
		C034B4992A37A7F700919D2A /* WishAnnotation.swift in Sources */ = {isa = PBXBuildFile; fileRef = C034B47E2A37A7F600919D2A /* WishAnnotation.swift */; };
		C034B49A2A37A7F700919D2A /* MapViewWishCard.swift in Sources */ = {isa = PBXBuildFile; fileRef = C034B47F2A37A7F600919D2A /* MapViewWishCard.swift */; };
		C034B49B2A37A7F700919D2A /* WishMKAnnotationView.swift in Sources */ = {isa = PBXBuildFile; fileRef = C034B4802A37A7F600919D2A /* WishMKAnnotationView.swift */; };
		C034B49C2A37A7F700919D2A /* PeopleSearchViewModel.swift in Sources */ = {isa = PBXBuildFile; fileRef = C034B4822A37A7F600919D2A /* PeopleSearchViewModel.swift */; };
		C034B49D2A37A7F700919D2A /* PeopleViewModel.swift in Sources */ = {isa = PBXBuildFile; fileRef = C034B4832A37A7F600919D2A /* PeopleViewModel.swift */; };
		C034B49E2A37A7F700919D2A /* PeopleViewController.swift in Sources */ = {isa = PBXBuildFile; fileRef = C034B4842A37A7F600919D2A /* PeopleViewController.swift */; };
		C034B49F2A37A7F700919D2A /* PeopleCell.swift in Sources */ = {isa = PBXBuildFile; fileRef = C034B4862A37A7F600919D2A /* PeopleCell.swift */; };
		C034B4A02A37A7F700919D2A /* PeopleSearchCell.swift in Sources */ = {isa = PBXBuildFile; fileRef = C034B4872A37A7F600919D2A /* PeopleSearchCell.swift */; };
		C034B4A12A37A7F700919D2A /* PeopleSearchViewController.swift in Sources */ = {isa = PBXBuildFile; fileRef = C034B4882A37A7F600919D2A /* PeopleSearchViewController.swift */; };
		C034B4A22A37A7F700919D2A /* InterestingCoordinator.swift in Sources */ = {isa = PBXBuildFile; fileRef = C034B4892A37A7F600919D2A /* InterestingCoordinator.swift */; };
		C034B4A32A37A7F700919D2A /* InterestingViewModel.swift in Sources */ = {isa = PBXBuildFile; fileRef = C034B48B2A37A7F600919D2A /* InterestingViewModel.swift */; };
		C034B4A42A37A7F700919D2A /* InterestingViewController.swift in Sources */ = {isa = PBXBuildFile; fileRef = C034B48C2A37A7F600919D2A /* InterestingViewController.swift */; };
		C034B4A52A37A7F700919D2A /* InterestingMapCell.swift in Sources */ = {isa = PBXBuildFile; fileRef = C034B48E2A37A7F600919D2A /* InterestingMapCell.swift */; };
		C034B4A62A37A7F700919D2A /* StarCell.swift in Sources */ = {isa = PBXBuildFile; fileRef = C034B48F2A37A7F600919D2A /* StarCell.swift */; };
		C034B4A72A37A7F700919D2A /* NewbieCell.swift in Sources */ = {isa = PBXBuildFile; fileRef = C034B4902A37A7F600919D2A /* NewbieCell.swift */; };
		C034B4A82A37A7F700919D2A /* InterestingStarCell.swift in Sources */ = {isa = PBXBuildFile; fileRef = C034B4912A37A7F700919D2A /* InterestingStarCell.swift */; };
		C034B4A92A37A7F700919D2A /* InterestingHistoriesCell.swift in Sources */ = {isa = PBXBuildFile; fileRef = C034B4922A37A7F700919D2A /* InterestingHistoriesCell.swift */; };
		C034B4AA2A37A7F700919D2A /* UserCell.swift in Sources */ = {isa = PBXBuildFile; fileRef = C034B4932A37A7F700919D2A /* UserCell.swift */; };
		C034B4AB2A37A7F700919D2A /* InterestingPeopleCell.swift in Sources */ = {isa = PBXBuildFile; fileRef = C034B4942A37A7F700919D2A /* InterestingPeopleCell.swift */; };
		C034B4AC2A37A7F700919D2A /* HistoryCell.swift in Sources */ = {isa = PBXBuildFile; fileRef = C034B4952A37A7F700919D2A /* HistoryCell.swift */; };
		C034B4AD2A37A7F700919D2A /* InterestingNewbieCell.swift in Sources */ = {isa = PBXBuildFile; fileRef = C034B4962A37A7F700919D2A /* InterestingNewbieCell.swift */; };
		C034B4BA2A37A81100919D2A /* CustomDashedView.swift in Sources */ = {isa = PBXBuildFile; fileRef = C034B4AF2A37A81100919D2A /* CustomDashedView.swift */; };
		C034B4BB2A37A81100919D2A /* LocationSearchTable.swift in Sources */ = {isa = PBXBuildFile; fileRef = C034B4B12A37A81100919D2A /* LocationSearchTable.swift */; };
		C034B4BC2A37A81100919D2A /* AddLocationViewModel.swift in Sources */ = {isa = PBXBuildFile; fileRef = C034B4B22A37A81100919D2A /* AddLocationViewModel.swift */; };
		C034B4BD2A37A81100919D2A /* AddMapViewController.swift in Sources */ = {isa = PBXBuildFile; fileRef = C034B4B32A37A81100919D2A /* AddMapViewController.swift */; };
		C034B4BE2A37A81100919D2A /* AddWishTypeViewController.swift in Sources */ = {isa = PBXBuildFile; fileRef = C034B4B52A37A81100919D2A /* AddWishTypeViewController.swift */; };
		C034B4BF2A37A81100919D2A /* AddWishViewModel.swift in Sources */ = {isa = PBXBuildFile; fileRef = C034B4B62A37A81100919D2A /* AddWishViewModel.swift */; };
		C034B4C02A37A81100919D2A /* AddWishView.swift in Sources */ = {isa = PBXBuildFile; fileRef = C034B4B72A37A81100919D2A /* AddWishView.swift */; };
		C034B4C12A37A81100919D2A /* AddWishViewController.swift in Sources */ = {isa = PBXBuildFile; fileRef = C034B4B82A37A81100919D2A /* AddWishViewController.swift */; };
		C034B4C22A37A81100919D2A /* AddWishCoordinator.swift in Sources */ = {isa = PBXBuildFile; fileRef = C034B4B92A37A81100919D2A /* AddWishCoordinator.swift */; };
		C034B4D92A37A86600919D2A /* RoomSettingsViewModel.swift in Sources */ = {isa = PBXBuildFile; fileRef = C034B4C52A37A86600919D2A /* RoomSettingsViewModel.swift */; };
		C034B4DA2A37A86600919D2A /* RoomSettingsViewController.swift in Sources */ = {isa = PBXBuildFile; fileRef = C034B4C62A37A86600919D2A /* RoomSettingsViewController.swift */; };
		C034B4DB2A37A86600919D2A /* MessageViewModel.swift in Sources */ = {isa = PBXBuildFile; fileRef = C034B4C82A37A86600919D2A /* MessageViewModel.swift */; };
		C034B4DC2A37A86600919D2A /* MessageViewController.swift in Sources */ = {isa = PBXBuildFile; fileRef = C034B4C92A37A86600919D2A /* MessageViewController.swift */; };
		C034B4DD2A37A86600919D2A /* NewMemberCell.swift in Sources */ = {isa = PBXBuildFile; fileRef = C034B4CB2A37A86600919D2A /* NewMemberCell.swift */; };
		C034B4DE2A37A86600919D2A /* InfoMessageCell.swift in Sources */ = {isa = PBXBuildFile; fileRef = C034B4CC2A37A86600919D2A /* InfoMessageCell.swift */; };
		C034B4DF2A37A86600919D2A /* CustomTextMessageCollectionViewCell.swift in Sources */ = {isa = PBXBuildFile; fileRef = C034B4CD2A37A86600919D2A /* CustomTextMessageCollectionViewCell.swift */; };
		C034B4E02A37A86600919D2A /* RoomBannedViewModel.swift in Sources */ = {isa = PBXBuildFile; fileRef = C034B4CF2A37A86600919D2A /* RoomBannedViewModel.swift */; };
		C034B4E12A37A86600919D2A /* RoomBannedViewController.swift in Sources */ = {isa = PBXBuildFile; fileRef = C034B4D02A37A86600919D2A /* RoomBannedViewController.swift */; };
		C034B4E22A37A86600919D2A /* RoomsCoordinator.swift in Sources */ = {isa = PBXBuildFile; fileRef = C034B4D12A37A86600919D2A /* RoomsCoordinator.swift */; };
		C034B4E32A37A86600919D2A /* RoomsViewModel.swift in Sources */ = {isa = PBXBuildFile; fileRef = C034B4D32A37A86600919D2A /* RoomsViewModel.swift */; };
		C034B4E42A37A86600919D2A /* RoomCell.swift in Sources */ = {isa = PBXBuildFile; fileRef = C034B4D52A37A86600919D2A /* RoomCell.swift */; };
		C034B4E52A37A86600919D2A /* RoomSettingsHeaderCell.swift in Sources */ = {isa = PBXBuildFile; fileRef = C034B4D62A37A86600919D2A /* RoomSettingsHeaderCell.swift */; };
		C034B4E62A37A86600919D2A /* RoomUserCell.swift in Sources */ = {isa = PBXBuildFile; fileRef = C034B4D72A37A86600919D2A /* RoomUserCell.swift */; };
		C034B4E72A37A86600919D2A /* RoomsViewController.swift in Sources */ = {isa = PBXBuildFile; fileRef = C034B4D82A37A86600919D2A /* RoomsViewController.swift */; };
/* End PBXBuildFile section */

/* Begin PBXFileReference section */
		C034B3F22A379EFC00919D2A /* HB.app */ = {isa = PBXFileReference; explicitFileType = wrapper.application; includeInIndex = 0; path = HB.app; sourceTree = BUILT_PRODUCTS_DIR; };
		C034B3F52A379EFC00919D2A /* AppDelegate.swift */ = {isa = PBXFileReference; lastKnownFileType = sourcecode.swift; path = AppDelegate.swift; sourceTree = "<group>"; };
		C034B3F72A379EFC00919D2A /* SceneDelegate.swift */ = {isa = PBXFileReference; lastKnownFileType = sourcecode.swift; path = SceneDelegate.swift; sourceTree = "<group>"; };
		C034B3FC2A379EFC00919D2A /* Base */ = {isa = PBXFileReference; lastKnownFileType = file.storyboard; name = Base; path = Base.lproj/Main.storyboard; sourceTree = "<group>"; };
		C034B3FE2A379EFC00919D2A /* Assets.xcassets */ = {isa = PBXFileReference; lastKnownFileType = folder.assetcatalog; path = Assets.xcassets; sourceTree = "<group>"; };
		C034B4012A379EFC00919D2A /* Base */ = {isa = PBXFileReference; lastKnownFileType = file.storyboard; name = Base; path = Base.lproj/LaunchScreen.storyboard; sourceTree = "<group>"; };
		C034B4032A379EFC00919D2A /* Info.plist */ = {isa = PBXFileReference; lastKnownFileType = text.plist.xml; path = Info.plist; sourceTree = "<group>"; };
		C034B40E2A37A26400919D2A /* BatchService.swift */ = {isa = PBXFileReference; fileEncoding = 4; lastKnownFileType = sourcecode.swift; path = BatchService.swift; sourceTree = "<group>"; };
		C034B40F2A37A26400919D2A /* Queries.swift */ = {isa = PBXFileReference; fileEncoding = 4; lastKnownFileType = sourcecode.swift; path = Queries.swift; sourceTree = "<group>"; };
		C034B4102A37A26400919D2A /* Push.swift */ = {isa = PBXFileReference; fileEncoding = 4; lastKnownFileType = sourcecode.swift; path = Push.swift; sourceTree = "<group>"; };
		C034B4112A37A26400919D2A /* Ref.swift */ = {isa = PBXFileReference; fileEncoding = 4; lastKnownFileType = sourcecode.swift; path = Ref.swift; sourceTree = "<group>"; };
		C034B4122A37A26400919D2A /* RealmHelper.swift */ = {isa = PBXFileReference; fileEncoding = 4; lastKnownFileType = sourcecode.swift; path = RealmHelper.swift; sourceTree = "<group>"; };
		C034B4132A37A26400919D2A /* StorageHelpers.swift */ = {isa = PBXFileReference; fileEncoding = 4; lastKnownFileType = sourcecode.swift; path = StorageHelpers.swift; sourceTree = "<group>"; };
		C034B4142A37A26400919D2A /* DatabaseHelpers.swift */ = {isa = PBXFileReference; fileEncoding = 4; lastKnownFileType = sourcecode.swift; path = DatabaseHelpers.swift; sourceTree = "<group>"; };
		C034B4152A37A26400919D2A /* Database.swift */ = {isa = PBXFileReference; fileEncoding = 4; lastKnownFileType = sourcecode.swift; path = Database.swift; sourceTree = "<group>"; };
		C034B41F2A37A4D800919D2A /* AppCoordinator.swift */ = {isa = PBXFileReference; fileEncoding = 4; lastKnownFileType = sourcecode.swift; path = AppCoordinator.swift; sourceTree = "<group>"; };
		C034B4222A37A50B00919D2A /* InitialViewModel.swift */ = {isa = PBXFileReference; fileEncoding = 4; lastKnownFileType = sourcecode.swift; path = InitialViewModel.swift; sourceTree = "<group>"; };
		C034B4232A37A50B00919D2A /* InitialViewController.swift */ = {isa = PBXFileReference; fileEncoding = 4; lastKnownFileType = sourcecode.swift; path = InitialViewController.swift; sourceTree = "<group>"; };
		C034B4242A37A50B00919D2A /* InitialCoordinator.swift */ = {isa = PBXFileReference; fileEncoding = 4; lastKnownFileType = sourcecode.swift; path = InitialCoordinator.swift; sourceTree = "<group>"; };
		C034B4292A37A55300919D2A /* AuthenticationCoordinator.swift */ = {isa = PBXFileReference; fileEncoding = 4; lastKnownFileType = sourcecode.swift; path = AuthenticationCoordinator.swift; sourceTree = "<group>"; };
		C034B42C2A37A58400919D2A /* SignEmailViewController.swift */ = {isa = PBXFileReference; fileEncoding = 4; lastKnownFileType = sourcecode.swift; path = SignEmailViewController.swift; sourceTree = "<group>"; };
		C034B42D2A37A58400919D2A /* SignEmailView.swift */ = {isa = PBXFileReference; fileEncoding = 4; lastKnownFileType = sourcecode.swift; path = SignEmailView.swift; sourceTree = "<group>"; };
		C034B42F2A37A58400919D2A /* SignUpViewController.swift */ = {isa = PBXFileReference; fileEncoding = 4; lastKnownFileType = sourcecode.swift; path = SignUpViewController.swift; sourceTree = "<group>"; };
		C034B4302A37A58400919D2A /* SignUpViewModel.swift */ = {isa = PBXFileReference; fileEncoding = 4; lastKnownFileType = sourcecode.swift; path = SignUpViewModel.swift; sourceTree = "<group>"; };
		C034B4312A37A58400919D2A /* SignUpView.swift */ = {isa = PBXFileReference; fileEncoding = 4; lastKnownFileType = sourcecode.swift; path = SignUpView.swift; sourceTree = "<group>"; };
		C034B4332A37A58400919D2A /* VerifyPhoneView.swift */ = {isa = PBXFileReference; fileEncoding = 4; lastKnownFileType = sourcecode.swift; path = VerifyPhoneView.swift; sourceTree = "<group>"; };
		C034B4342A37A58400919D2A /* VerifyPhoneViewController.swift */ = {isa = PBXFileReference; fileEncoding = 4; lastKnownFileType = sourcecode.swift; path = VerifyPhoneViewController.swift; sourceTree = "<group>"; };
		C034B4362A37A58400919D2A /* OnboardingProgressView.swift */ = {isa = PBXFileReference; fileEncoding = 4; lastKnownFileType = sourcecode.swift; path = OnboardingProgressView.swift; sourceTree = "<group>"; };
		C034B4372A37A58400919D2A /* OnboardingViewController.swift */ = {isa = PBXFileReference; fileEncoding = 4; lastKnownFileType = sourcecode.swift; path = OnboardingViewController.swift; sourceTree = "<group>"; };
		C034B4382A37A58400919D2A /* OnboardingCell.swift */ = {isa = PBXFileReference; fileEncoding = 4; lastKnownFileType = sourcecode.swift; path = OnboardingCell.swift; sourceTree = "<group>"; };
		C034B4392A37A58400919D2A /* OnboardingViewModel.swift */ = {isa = PBXFileReference; fileEncoding = 4; lastKnownFileType = sourcecode.swift; path = OnboardingViewModel.swift; sourceTree = "<group>"; };
		C034B43B2A37A58400919D2A /* SignViewModel.swift */ = {isa = PBXFileReference; fileEncoding = 4; lastKnownFileType = sourcecode.swift; path = SignViewModel.swift; sourceTree = "<group>"; };
		C034B43C2A37A58400919D2A /* SignView.swift */ = {isa = PBXFileReference; fileEncoding = 4; lastKnownFileType = sourcecode.swift; path = SignView.swift; sourceTree = "<group>"; };
		C034B43D2A37A58400919D2A /* SignViewController.swift */ = {isa = PBXFileReference; fileEncoding = 4; lastKnownFileType = sourcecode.swift; path = SignViewController.swift; sourceTree = "<group>"; };
		C034B43F2A37A58400919D2A /* SignHeaderView.swift */ = {isa = PBXFileReference; fileEncoding = 4; lastKnownFileType = sourcecode.swift; path = SignHeaderView.swift; sourceTree = "<group>"; };
		C034B4412A37A58400919D2A /* SignPhoneViewModel.swift */ = {isa = PBXFileReference; fileEncoding = 4; lastKnownFileType = sourcecode.swift; path = SignPhoneViewModel.swift; sourceTree = "<group>"; };
		C034B4422A37A58400919D2A /* SignPhoneView.swift */ = {isa = PBXFileReference; fileEncoding = 4; lastKnownFileType = sourcecode.swift; path = SignPhoneView.swift; sourceTree = "<group>"; };
		C034B4432A37A58400919D2A /* SignPhoneViewController.swift */ = {isa = PBXFileReference; fileEncoding = 4; lastKnownFileType = sourcecode.swift; path = SignPhoneViewController.swift; sourceTree = "<group>"; };
		C034B4572A37A5C300919D2A /* TabBarCoordinator.swift */ = {isa = PBXFileReference; fileEncoding = 4; lastKnownFileType = sourcecode.swift; path = TabBarCoordinator.swift; sourceTree = "<group>"; };
		C034B4582A37A5C300919D2A /* TabBarController.swift */ = {isa = PBXFileReference; fileEncoding = 4; lastKnownFileType = sourcecode.swift; path = TabBarController.swift; sourceTree = "<group>"; };
		C034B45D2A37A7E000919D2A /* TopWishesViewModel.swift */ = {isa = PBXFileReference; fileEncoding = 4; lastKnownFileType = sourcecode.swift; path = TopWishesViewModel.swift; sourceTree = "<group>"; };
		C034B45E2A37A7E000919D2A /* CityMomentsViewController.swift */ = {isa = PBXFileReference; fileEncoding = 4; lastKnownFileType = sourcecode.swift; path = CityMomentsViewController.swift; sourceTree = "<group>"; };
		C034B45F2A37A7E000919D2A /* HomeViewModel.swift */ = {isa = PBXFileReference; fileEncoding = 4; lastKnownFileType = sourcecode.swift; path = HomeViewModel.swift; sourceTree = "<group>"; };
		C034B4602A37A7E000919D2A /* CityViewModel.swift */ = {isa = PBXFileReference; fileEncoding = 4; lastKnownFileType = sourcecode.swift; path = CityViewModel.swift; sourceTree = "<group>"; };
		C034B4612A37A7E000919D2A /* HomeViewController.swift */ = {isa = PBXFileReference; fileEncoding = 4; lastKnownFileType = sourcecode.swift; path = HomeViewController.swift; sourceTree = "<group>"; };
		C034B4622A37A7E000919D2A /* CityViewController.swift */ = {isa = PBXFileReference; fileEncoding = 4; lastKnownFileType = sourcecode.swift; path = CityViewController.swift; sourceTree = "<group>"; };
		C034B4632A37A7E000919D2A /* TopWishesViewController.swift */ = {isa = PBXFileReference; fileEncoding = 4; lastKnownFileType = sourcecode.swift; path = TopWishesViewController.swift; sourceTree = "<group>"; };
		C034B4652A37A7E000919D2A /* SearchViewController.swift */ = {isa = PBXFileReference; fileEncoding = 4; lastKnownFileType = sourcecode.swift; path = SearchViewController.swift; sourceTree = "<group>"; };
		C034B4662A37A7E000919D2A /* SearchViewModel.swift */ = {isa = PBXFileReference; fileEncoding = 4; lastKnownFileType = sourcecode.swift; path = SearchViewModel.swift; sourceTree = "<group>"; };
		C034B4682A37A7E000919D2A /* HouseViewModel.swift */ = {isa = PBXFileReference; fileEncoding = 4; lastKnownFileType = sourcecode.swift; path = HouseViewModel.swift; sourceTree = "<group>"; };
		C034B4692A37A7E000919D2A /* HouseView.swift */ = {isa = PBXFileReference; fileEncoding = 4; lastKnownFileType = sourcecode.swift; path = HouseView.swift; sourceTree = "<group>"; };
		C034B46A2A37A7E000919D2A /* HouseViewController.swift */ = {isa = PBXFileReference; fileEncoding = 4; lastKnownFileType = sourcecode.swift; path = HouseViewController.swift; sourceTree = "<group>"; };
		C034B46B2A37A7E000919D2A /* FeedCoordinator.swift */ = {isa = PBXFileReference; fileEncoding = 4; lastKnownFileType = sourcecode.swift; path = FeedCoordinator.swift; sourceTree = "<group>"; };
		C034B47B2A37A7F600919D2A /* MapViewController.swift */ = {isa = PBXFileReference; fileEncoding = 4; lastKnownFileType = sourcecode.swift; path = MapViewController.swift; sourceTree = "<group>"; };
		C034B47C2A37A7F600919D2A /* MapViewModel.swift */ = {isa = PBXFileReference; fileEncoding = 4; lastKnownFileType = sourcecode.swift; path = MapViewModel.swift; sourceTree = "<group>"; };
		C034B47E2A37A7F600919D2A /* WishAnnotation.swift */ = {isa = PBXFileReference; fileEncoding = 4; lastKnownFileType = sourcecode.swift; path = WishAnnotation.swift; sourceTree = "<group>"; };
		C034B47F2A37A7F600919D2A /* MapViewWishCard.swift */ = {isa = PBXFileReference; fileEncoding = 4; lastKnownFileType = sourcecode.swift; path = MapViewWishCard.swift; sourceTree = "<group>"; };
		C034B4802A37A7F600919D2A /* WishMKAnnotationView.swift */ = {isa = PBXFileReference; fileEncoding = 4; lastKnownFileType = sourcecode.swift; path = WishMKAnnotationView.swift; sourceTree = "<group>"; };
		C034B4822A37A7F600919D2A /* PeopleSearchViewModel.swift */ = {isa = PBXFileReference; fileEncoding = 4; lastKnownFileType = sourcecode.swift; path = PeopleSearchViewModel.swift; sourceTree = "<group>"; };
		C034B4832A37A7F600919D2A /* PeopleViewModel.swift */ = {isa = PBXFileReference; fileEncoding = 4; lastKnownFileType = sourcecode.swift; path = PeopleViewModel.swift; sourceTree = "<group>"; };
		C034B4842A37A7F600919D2A /* PeopleViewController.swift */ = {isa = PBXFileReference; fileEncoding = 4; lastKnownFileType = sourcecode.swift; path = PeopleViewController.swift; sourceTree = "<group>"; };
		C034B4862A37A7F600919D2A /* PeopleCell.swift */ = {isa = PBXFileReference; fileEncoding = 4; lastKnownFileType = sourcecode.swift; path = PeopleCell.swift; sourceTree = "<group>"; };
		C034B4872A37A7F600919D2A /* PeopleSearchCell.swift */ = {isa = PBXFileReference; fileEncoding = 4; lastKnownFileType = sourcecode.swift; path = PeopleSearchCell.swift; sourceTree = "<group>"; };
		C034B4882A37A7F600919D2A /* PeopleSearchViewController.swift */ = {isa = PBXFileReference; fileEncoding = 4; lastKnownFileType = sourcecode.swift; path = PeopleSearchViewController.swift; sourceTree = "<group>"; };
		C034B4892A37A7F600919D2A /* InterestingCoordinator.swift */ = {isa = PBXFileReference; fileEncoding = 4; lastKnownFileType = sourcecode.swift; path = InterestingCoordinator.swift; sourceTree = "<group>"; };
		C034B48B2A37A7F600919D2A /* InterestingViewModel.swift */ = {isa = PBXFileReference; fileEncoding = 4; lastKnownFileType = sourcecode.swift; path = InterestingViewModel.swift; sourceTree = "<group>"; };
		C034B48C2A37A7F600919D2A /* InterestingViewController.swift */ = {isa = PBXFileReference; fileEncoding = 4; lastKnownFileType = sourcecode.swift; path = InterestingViewController.swift; sourceTree = "<group>"; };
		C034B48E2A37A7F600919D2A /* InterestingMapCell.swift */ = {isa = PBXFileReference; fileEncoding = 4; lastKnownFileType = sourcecode.swift; path = InterestingMapCell.swift; sourceTree = "<group>"; };
		C034B48F2A37A7F600919D2A /* StarCell.swift */ = {isa = PBXFileReference; fileEncoding = 4; lastKnownFileType = sourcecode.swift; path = StarCell.swift; sourceTree = "<group>"; };
		C034B4902A37A7F600919D2A /* NewbieCell.swift */ = {isa = PBXFileReference; fileEncoding = 4; lastKnownFileType = sourcecode.swift; path = NewbieCell.swift; sourceTree = "<group>"; };
		C034B4912A37A7F700919D2A /* InterestingStarCell.swift */ = {isa = PBXFileReference; fileEncoding = 4; lastKnownFileType = sourcecode.swift; path = InterestingStarCell.swift; sourceTree = "<group>"; };
		C034B4922A37A7F700919D2A /* InterestingHistoriesCell.swift */ = {isa = PBXFileReference; fileEncoding = 4; lastKnownFileType = sourcecode.swift; path = InterestingHistoriesCell.swift; sourceTree = "<group>"; };
		C034B4932A37A7F700919D2A /* UserCell.swift */ = {isa = PBXFileReference; fileEncoding = 4; lastKnownFileType = sourcecode.swift; path = UserCell.swift; sourceTree = "<group>"; };
		C034B4942A37A7F700919D2A /* InterestingPeopleCell.swift */ = {isa = PBXFileReference; fileEncoding = 4; lastKnownFileType = sourcecode.swift; path = InterestingPeopleCell.swift; sourceTree = "<group>"; };
		C034B4952A37A7F700919D2A /* HistoryCell.swift */ = {isa = PBXFileReference; fileEncoding = 4; lastKnownFileType = sourcecode.swift; path = HistoryCell.swift; sourceTree = "<group>"; };
		C034B4962A37A7F700919D2A /* InterestingNewbieCell.swift */ = {isa = PBXFileReference; fileEncoding = 4; lastKnownFileType = sourcecode.swift; path = InterestingNewbieCell.swift; sourceTree = "<group>"; };
		C034B4AF2A37A81100919D2A /* CustomDashedView.swift */ = {isa = PBXFileReference; fileEncoding = 4; lastKnownFileType = sourcecode.swift; path = CustomDashedView.swift; sourceTree = "<group>"; };
		C034B4B12A37A81100919D2A /* LocationSearchTable.swift */ = {isa = PBXFileReference; fileEncoding = 4; lastKnownFileType = sourcecode.swift; path = LocationSearchTable.swift; sourceTree = "<group>"; };
		C034B4B22A37A81100919D2A /* AddLocationViewModel.swift */ = {isa = PBXFileReference; fileEncoding = 4; lastKnownFileType = sourcecode.swift; path = AddLocationViewModel.swift; sourceTree = "<group>"; };
		C034B4B32A37A81100919D2A /* AddMapViewController.swift */ = {isa = PBXFileReference; fileEncoding = 4; lastKnownFileType = sourcecode.swift; path = AddMapViewController.swift; sourceTree = "<group>"; };
		C034B4B52A37A81100919D2A /* AddWishTypeViewController.swift */ = {isa = PBXFileReference; fileEncoding = 4; lastKnownFileType = sourcecode.swift; path = AddWishTypeViewController.swift; sourceTree = "<group>"; };
		C034B4B62A37A81100919D2A /* AddWishViewModel.swift */ = {isa = PBXFileReference; fileEncoding = 4; lastKnownFileType = sourcecode.swift; path = AddWishViewModel.swift; sourceTree = "<group>"; };
		C034B4B72A37A81100919D2A /* AddWishView.swift */ = {isa = PBXFileReference; fileEncoding = 4; lastKnownFileType = sourcecode.swift; path = AddWishView.swift; sourceTree = "<group>"; };
		C034B4B82A37A81100919D2A /* AddWishViewController.swift */ = {isa = PBXFileReference; fileEncoding = 4; lastKnownFileType = sourcecode.swift; path = AddWishViewController.swift; sourceTree = "<group>"; };
		C034B4B92A37A81100919D2A /* AddWishCoordinator.swift */ = {isa = PBXFileReference; fileEncoding = 4; lastKnownFileType = sourcecode.swift; path = AddWishCoordinator.swift; sourceTree = "<group>"; };
		C034B4C52A37A86600919D2A /* RoomSettingsViewModel.swift */ = {isa = PBXFileReference; fileEncoding = 4; lastKnownFileType = sourcecode.swift; path = RoomSettingsViewModel.swift; sourceTree = "<group>"; };
		C034B4C62A37A86600919D2A /* RoomSettingsViewController.swift */ = {isa = PBXFileReference; fileEncoding = 4; lastKnownFileType = sourcecode.swift; path = RoomSettingsViewController.swift; sourceTree = "<group>"; };
		C034B4C82A37A86600919D2A /* MessageViewModel.swift */ = {isa = PBXFileReference; fileEncoding = 4; lastKnownFileType = sourcecode.swift; path = MessageViewModel.swift; sourceTree = "<group>"; };
		C034B4C92A37A86600919D2A /* MessageViewController.swift */ = {isa = PBXFileReference; fileEncoding = 4; lastKnownFileType = sourcecode.swift; path = MessageViewController.swift; sourceTree = "<group>"; };
		C034B4CB2A37A86600919D2A /* NewMemberCell.swift */ = {isa = PBXFileReference; fileEncoding = 4; lastKnownFileType = sourcecode.swift; path = NewMemberCell.swift; sourceTree = "<group>"; };
		C034B4CC2A37A86600919D2A /* InfoMessageCell.swift */ = {isa = PBXFileReference; fileEncoding = 4; lastKnownFileType = sourcecode.swift; path = InfoMessageCell.swift; sourceTree = "<group>"; };
		C034B4CD2A37A86600919D2A /* CustomTextMessageCollectionViewCell.swift */ = {isa = PBXFileReference; fileEncoding = 4; lastKnownFileType = sourcecode.swift; path = CustomTextMessageCollectionViewCell.swift; sourceTree = "<group>"; };
		C034B4CF2A37A86600919D2A /* RoomBannedViewModel.swift */ = {isa = PBXFileReference; fileEncoding = 4; lastKnownFileType = sourcecode.swift; path = RoomBannedViewModel.swift; sourceTree = "<group>"; };
		C034B4D02A37A86600919D2A /* RoomBannedViewController.swift */ = {isa = PBXFileReference; fileEncoding = 4; lastKnownFileType = sourcecode.swift; path = RoomBannedViewController.swift; sourceTree = "<group>"; };
		C034B4D12A37A86600919D2A /* RoomsCoordinator.swift */ = {isa = PBXFileReference; fileEncoding = 4; lastKnownFileType = sourcecode.swift; path = RoomsCoordinator.swift; sourceTree = "<group>"; };
		C034B4D32A37A86600919D2A /* RoomsViewModel.swift */ = {isa = PBXFileReference; fileEncoding = 4; lastKnownFileType = sourcecode.swift; path = RoomsViewModel.swift; sourceTree = "<group>"; };
		C034B4D52A37A86600919D2A /* RoomCell.swift */ = {isa = PBXFileReference; fileEncoding = 4; lastKnownFileType = sourcecode.swift; path = RoomCell.swift; sourceTree = "<group>"; };
		C034B4D62A37A86600919D2A /* RoomSettingsHeaderCell.swift */ = {isa = PBXFileReference; fileEncoding = 4; lastKnownFileType = sourcecode.swift; path = RoomSettingsHeaderCell.swift; sourceTree = "<group>"; };
		C034B4D72A37A86600919D2A /* RoomUserCell.swift */ = {isa = PBXFileReference; fileEncoding = 4; lastKnownFileType = sourcecode.swift; path = RoomUserCell.swift; sourceTree = "<group>"; };
		C034B4D82A37A86600919D2A /* RoomsViewController.swift */ = {isa = PBXFileReference; fileEncoding = 4; lastKnownFileType = sourcecode.swift; path = RoomsViewController.swift; sourceTree = "<group>"; };
/* End PBXFileReference section */

/* Begin PBXFrameworksBuildPhase section */
		C034B3EF2A379EFC00919D2A /* Frameworks */ = {
			isa = PBXFrameworksBuildPhase;
			buildActionMask = 2147483647;
			files = (
			);
			runOnlyForDeploymentPostprocessing = 0;
		};
/* End PBXFrameworksBuildPhase section */

/* Begin PBXGroup section */
		C034B3E92A379EFC00919D2A = {
			isa = PBXGroup;
			children = (
				C034B3F42A379EFC00919D2A /* HB */,
				C034B3F32A379EFC00919D2A /* Products */,
			);
			sourceTree = "<group>";
		};
		C034B3F32A379EFC00919D2A /* Products */ = {
			isa = PBXGroup;
			children = (
				C034B3F22A379EFC00919D2A /* HB.app */,
			);
			name = Products;
			sourceTree = "<group>";
		};
		C034B3F42A379EFC00919D2A /* HB */ = {
			isa = PBXGroup;
			children = (
				C034B41E2A37A4B300919D2A /* Flows */,
				C034B40D2A37A24300919D2A /* API */,
				C034B4092A379F1700919D2A /* Application */,
			);
			path = HB;
			sourceTree = "<group>";
		};
		C034B4092A379F1700919D2A /* Application */ = {
			isa = PBXGroup;
			children = (
				C034B3F52A379EFC00919D2A /* AppDelegate.swift */,
				C034B3F72A379EFC00919D2A /* SceneDelegate.swift */,
				C034B3FB2A379EFC00919D2A /* Main.storyboard */,
				C034B3FE2A379EFC00919D2A /* Assets.xcassets */,
				C034B4002A379EFC00919D2A /* LaunchScreen.storyboard */,
				C034B4032A379EFC00919D2A /* Info.plist */,
			);
			path = Application;
			sourceTree = "<group>";
		};
		C034B40D2A37A24300919D2A /* API */ = {
			isa = PBXGroup;
			children = (
				C034B40E2A37A26400919D2A /* BatchService.swift */,
				C034B4152A37A26400919D2A /* Database.swift */,
				C034B4142A37A26400919D2A /* DatabaseHelpers.swift */,
				C034B4102A37A26400919D2A /* Push.swift */,
				C034B40F2A37A26400919D2A /* Queries.swift */,
				C034B4122A37A26400919D2A /* RealmHelper.swift */,
				C034B4112A37A26400919D2A /* Ref.swift */,
				C034B4132A37A26400919D2A /* StorageHelpers.swift */,
			);
			path = API;
			sourceTree = "<group>";
		};
		C034B41E2A37A4B300919D2A /* Flows */ = {
			isa = PBXGroup;
			children = (
				C034B4C32A37A86600919D2A /* Rooms */,
				C034B4AE2A37A81100919D2A /* Add */,
				C034B4792A37A7F600919D2A /* Discovery */,
				C034B45B2A37A7E000919D2A /* Feed */,
				C034B4562A37A5C300919D2A /* Tabbar */,
				C034B4282A37A52300919D2A /* Auth */,
				C034B4212A37A4EE00919D2A /* Initial */,
				C034B41F2A37A4D800919D2A /* AppCoordinator.swift */,
			);
			path = Flows;
			sourceTree = "<group>";
		};
		C034B4212A37A4EE00919D2A /* Initial */ = {
			isa = PBXGroup;
			children = (
				C034B4242A37A50B00919D2A /* InitialCoordinator.swift */,
				C034B4232A37A50B00919D2A /* InitialViewController.swift */,
				C034B4222A37A50B00919D2A /* InitialViewModel.swift */,
			);
			path = Initial;
			sourceTree = "<group>";
		};
		C034B4282A37A52300919D2A /* Auth */ = {
			isa = PBXGroup;
			children = (
				C034B42B2A37A58400919D2A /* Email */,
				C034B4352A37A58400919D2A /* Onboarding */,
				C034B4402A37A58400919D2A /* Phone */,
				C034B43A2A37A58400919D2A /* Sign */,
				C034B42E2A37A58400919D2A /* SignUp */,
				C034B4322A37A58400919D2A /* VerifyPhone */,
				C034B4292A37A55300919D2A /* AuthenticationCoordinator.swift */,
			);
			path = Auth;
			sourceTree = "<group>";
		};
		C034B42B2A37A58400919D2A /* Email */ = {
			isa = PBXGroup;
			children = (
				C034B42C2A37A58400919D2A /* SignEmailViewController.swift */,
				C034B42D2A37A58400919D2A /* SignEmailView.swift */,
			);
			path = Email;
			sourceTree = "<group>";
		};
		C034B42E2A37A58400919D2A /* SignUp */ = {
			isa = PBXGroup;
			children = (
				C034B42F2A37A58400919D2A /* SignUpViewController.swift */,
				C034B4302A37A58400919D2A /* SignUpViewModel.swift */,
				C034B4312A37A58400919D2A /* SignUpView.swift */,
			);
			path = SignUp;
			sourceTree = "<group>";
		};
		C034B4322A37A58400919D2A /* VerifyPhone */ = {
			isa = PBXGroup;
			children = (
				C034B4332A37A58400919D2A /* VerifyPhoneView.swift */,
				C034B4342A37A58400919D2A /* VerifyPhoneViewController.swift */,
			);
			path = VerifyPhone;
			sourceTree = "<group>";
		};
		C034B4352A37A58400919D2A /* Onboarding */ = {
			isa = PBXGroup;
			children = (
				C034B4362A37A58400919D2A /* OnboardingProgressView.swift */,
				C034B4372A37A58400919D2A /* OnboardingViewController.swift */,
				C034B4382A37A58400919D2A /* OnboardingCell.swift */,
				C034B4392A37A58400919D2A /* OnboardingViewModel.swift */,
			);
			path = Onboarding;
			sourceTree = "<group>";
		};
		C034B43A2A37A58400919D2A /* Sign */ = {
			isa = PBXGroup;
			children = (
				C034B43B2A37A58400919D2A /* SignViewModel.swift */,
				C034B43C2A37A58400919D2A /* SignView.swift */,
				C034B43D2A37A58400919D2A /* SignViewController.swift */,
				C034B43E2A37A58400919D2A /* Views */,
			);
			path = Sign;
			sourceTree = "<group>";
		};
		C034B43E2A37A58400919D2A /* Views */ = {
			isa = PBXGroup;
			children = (
				C034B43F2A37A58400919D2A /* SignHeaderView.swift */,
			);
			path = Views;
			sourceTree = "<group>";
		};
		C034B4402A37A58400919D2A /* Phone */ = {
			isa = PBXGroup;
			children = (
				C034B4412A37A58400919D2A /* SignPhoneViewModel.swift */,
				C034B4422A37A58400919D2A /* SignPhoneView.swift */,
				C034B4432A37A58400919D2A /* SignPhoneViewController.swift */,
			);
			path = Phone;
			sourceTree = "<group>";
		};
		C034B4562A37A5C300919D2A /* Tabbar */ = {
			isa = PBXGroup;
			children = (
				C034B4572A37A5C300919D2A /* TabBarCoordinator.swift */,
				C034B4582A37A5C300919D2A /* TabBarController.swift */,
			);
			path = Tabbar;
			sourceTree = "<group>";
		};
		C034B45B2A37A7E000919D2A /* Feed */ = {
			isa = PBXGroup;
			children = (
				C034B45C2A37A7E000919D2A /* Home */,
				C034B4642A37A7E000919D2A /* Search */,
				C034B4672A37A7E000919D2A /* House */,
				C034B46B2A37A7E000919D2A /* FeedCoordinator.swift */,
			);
			path = Feed;
			sourceTree = "<group>";
		};
		C034B45C2A37A7E000919D2A /* Home */ = {
			isa = PBXGroup;
			children = (
				C034B45D2A37A7E000919D2A /* TopWishesViewModel.swift */,
				C034B45E2A37A7E000919D2A /* CityMomentsViewController.swift */,
				C034B45F2A37A7E000919D2A /* HomeViewModel.swift */,
				C034B4602A37A7E000919D2A /* CityViewModel.swift */,
				C034B4612A37A7E000919D2A /* HomeViewController.swift */,
				C034B4622A37A7E000919D2A /* CityViewController.swift */,
				C034B4632A37A7E000919D2A /* TopWishesViewController.swift */,
			);
			path = Home;
			sourceTree = "<group>";
		};
		C034B4642A37A7E000919D2A /* Search */ = {
			isa = PBXGroup;
			children = (
				C034B4652A37A7E000919D2A /* SearchViewController.swift */,
				C034B4662A37A7E000919D2A /* SearchViewModel.swift */,
			);
			path = Search;
			sourceTree = "<group>";
		};
		C034B4672A37A7E000919D2A /* House */ = {
			isa = PBXGroup;
			children = (
				C034B4682A37A7E000919D2A /* HouseViewModel.swift */,
				C034B4692A37A7E000919D2A /* HouseView.swift */,
				C034B46A2A37A7E000919D2A /* HouseViewController.swift */,
			);
			path = House;
			sourceTree = "<group>";
		};
		C034B4792A37A7F600919D2A /* Discovery */ = {
			isa = PBXGroup;
			children = (
				C034B47A2A37A7F600919D2A /* Map */,
				C034B4812A37A7F600919D2A /* People */,
				C034B4892A37A7F600919D2A /* InterestingCoordinator.swift */,
				C034B48A2A37A7F600919D2A /* Main */,
			);
			path = Discovery;
			sourceTree = "<group>";
		};
		C034B47A2A37A7F600919D2A /* Map */ = {
			isa = PBXGroup;
			children = (
				C034B47B2A37A7F600919D2A /* MapViewController.swift */,
				C034B47C2A37A7F600919D2A /* MapViewModel.swift */,
				C034B47D2A37A7F600919D2A /* Views */,
			);
			path = Map;
			sourceTree = "<group>";
		};
		C034B47D2A37A7F600919D2A /* Views */ = {
			isa = PBXGroup;
			children = (
				C034B47E2A37A7F600919D2A /* WishAnnotation.swift */,
				C034B47F2A37A7F600919D2A /* MapViewWishCard.swift */,
				C034B4802A37A7F600919D2A /* WishMKAnnotationView.swift */,
			);
			path = Views;
			sourceTree = "<group>";
		};
		C034B4812A37A7F600919D2A /* People */ = {
			isa = PBXGroup;
			children = (
				C034B4822A37A7F600919D2A /* PeopleSearchViewModel.swift */,
				C034B4832A37A7F600919D2A /* PeopleViewModel.swift */,
				C034B4842A37A7F600919D2A /* PeopleViewController.swift */,
				C034B4852A37A7F600919D2A /* Views */,
				C034B4882A37A7F600919D2A /* PeopleSearchViewController.swift */,
			);
			path = People;
			sourceTree = "<group>";
		};
		C034B4852A37A7F600919D2A /* Views */ = {
			isa = PBXGroup;
			children = (
				C034B4862A37A7F600919D2A /* PeopleCell.swift */,
				C034B4872A37A7F600919D2A /* PeopleSearchCell.swift */,
			);
			path = Views;
			sourceTree = "<group>";
		};
		C034B48A2A37A7F600919D2A /* Main */ = {
			isa = PBXGroup;
			children = (
				C034B48B2A37A7F600919D2A /* InterestingViewModel.swift */,
				C034B48C2A37A7F600919D2A /* InterestingViewController.swift */,
				C034B48D2A37A7F600919D2A /* Views */,
			);
			path = Main;
			sourceTree = "<group>";
		};
		C034B48D2A37A7F600919D2A /* Views */ = {
			isa = PBXGroup;
			children = (
				C034B48E2A37A7F600919D2A /* InterestingMapCell.swift */,
				C034B48F2A37A7F600919D2A /* StarCell.swift */,
				C034B4902A37A7F600919D2A /* NewbieCell.swift */,
				C034B4912A37A7F700919D2A /* InterestingStarCell.swift */,
				C034B4922A37A7F700919D2A /* InterestingHistoriesCell.swift */,
				C034B4932A37A7F700919D2A /* UserCell.swift */,
				C034B4942A37A7F700919D2A /* InterestingPeopleCell.swift */,
				C034B4952A37A7F700919D2A /* HistoryCell.swift */,
				C034B4962A37A7F700919D2A /* InterestingNewbieCell.swift */,
			);
			path = Views;
			sourceTree = "<group>";
		};
		C034B4AE2A37A81100919D2A /* Add */ = {
			isa = PBXGroup;
			children = (
				C034B4AF2A37A81100919D2A /* CustomDashedView.swift */,
				C034B4B02A37A81100919D2A /* Location */,
				C034B4B42A37A81100919D2A /* Main */,
				C034B4B92A37A81100919D2A /* AddWishCoordinator.swift */,
			);
			path = Add;
			sourceTree = "<group>";
		};
		C034B4B02A37A81100919D2A /* Location */ = {
			isa = PBXGroup;
			children = (
				C034B4B12A37A81100919D2A /* LocationSearchTable.swift */,
				C034B4B22A37A81100919D2A /* AddLocationViewModel.swift */,
				C034B4B32A37A81100919D2A /* AddMapViewController.swift */,
			);
			path = Location;
			sourceTree = "<group>";
		};
		C034B4B42A37A81100919D2A /* Main */ = {
			isa = PBXGroup;
			children = (
				C034B4B52A37A81100919D2A /* AddWishTypeViewController.swift */,
				C034B4B62A37A81100919D2A /* AddWishViewModel.swift */,
				C034B4B72A37A81100919D2A /* AddWishView.swift */,
				C034B4B82A37A81100919D2A /* AddWishViewController.swift */,
			);
			path = Main;
			sourceTree = "<group>";
		};
		C034B4C32A37A86600919D2A /* Rooms */ = {
			isa = PBXGroup;
			children = (
				C034B4C42A37A86600919D2A /* Settings */,
				C034B4C72A37A86600919D2A /* Message */,
				C034B4CE2A37A86600919D2A /* Banned */,
				C034B4D12A37A86600919D2A /* RoomsCoordinator.swift */,
				C034B4D22A37A86600919D2A /* Main */,
			);
			path = Rooms;
			sourceTree = "<group>";
		};
		C034B4C42A37A86600919D2A /* Settings */ = {
			isa = PBXGroup;
			children = (
				C034B4C52A37A86600919D2A /* RoomSettingsViewModel.swift */,
				C034B4C62A37A86600919D2A /* RoomSettingsViewController.swift */,
			);
			path = Settings;
			sourceTree = "<group>";
		};
		C034B4C72A37A86600919D2A /* Message */ = {
			isa = PBXGroup;
			children = (
				C034B4C82A37A86600919D2A /* MessageViewModel.swift */,
				C034B4C92A37A86600919D2A /* MessageViewController.swift */,
				C034B4CA2A37A86600919D2A /* Views */,
			);
			path = Message;
			sourceTree = "<group>";
		};
		C034B4CA2A37A86600919D2A /* Views */ = {
			isa = PBXGroup;
			children = (
				C034B4CB2A37A86600919D2A /* NewMemberCell.swift */,
				C034B4CC2A37A86600919D2A /* InfoMessageCell.swift */,
				C034B4CD2A37A86600919D2A /* CustomTextMessageCollectionViewCell.swift */,
			);
			path = Views;
			sourceTree = "<group>";
		};
		C034B4CE2A37A86600919D2A /* Banned */ = {
			isa = PBXGroup;
			children = (
				C034B4CF2A37A86600919D2A /* RoomBannedViewModel.swift */,
				C034B4D02A37A86600919D2A /* RoomBannedViewController.swift */,
			);
			path = Banned;
			sourceTree = "<group>";
		};
		C034B4D22A37A86600919D2A /* Main */ = {
			isa = PBXGroup;
			children = (
				C034B4D32A37A86600919D2A /* RoomsViewModel.swift */,
				C034B4D42A37A86600919D2A /* Views */,
				C034B4D82A37A86600919D2A /* RoomsViewController.swift */,
			);
			path = Main;
			sourceTree = "<group>";
		};
		C034B4D42A37A86600919D2A /* Views */ = {
			isa = PBXGroup;
			children = (
				C034B4D52A37A86600919D2A /* RoomCell.swift */,
				C034B4D62A37A86600919D2A /* RoomSettingsHeaderCell.swift */,
				C034B4D72A37A86600919D2A /* RoomUserCell.swift */,
			);
			path = Views;
			sourceTree = "<group>";
		};
/* End PBXGroup section */

/* Begin PBXNativeTarget section */
		C034B3F12A379EFC00919D2A /* HB */ = {
			isa = PBXNativeTarget;
			buildConfigurationList = C034B4062A379EFC00919D2A /* Build configuration list for PBXNativeTarget "HB" */;
			buildPhases = (
				C034B3EE2A379EFC00919D2A /* Sources */,
				C034B3EF2A379EFC00919D2A /* Frameworks */,
				C034B3F02A379EFC00919D2A /* Resources */,
			);
			buildRules = (
			);
			dependencies = (
			);
			name = HB;
			productName = HB;
			productReference = C034B3F22A379EFC00919D2A /* HB.app */;
			productType = "com.apple.product-type.application";
		};
/* End PBXNativeTarget section */

/* Begin PBXProject section */
		C034B3EA2A379EFC00919D2A /* Project object */ = {
			isa = PBXProject;
			attributes = {
				BuildIndependentTargetsInParallel = 1;
				LastSwiftUpdateCheck = 1410;
				LastUpgradeCheck = 1410;
				TargetAttributes = {
					C034B3F12A379EFC00919D2A = {
						CreatedOnToolsVersion = 14.1;
					};
				};
			};
			buildConfigurationList = C034B3ED2A379EFC00919D2A /* Build configuration list for PBXProject "HB" */;
			compatibilityVersion = "Xcode 14.0";
			developmentRegion = en;
			hasScannedForEncodings = 0;
			knownRegions = (
				en,
				Base,
			);
			mainGroup = C034B3E92A379EFC00919D2A;
			productRefGroup = C034B3F32A379EFC00919D2A /* Products */;
			projectDirPath = "";
			projectRoot = "";
			targets = (
				C034B3F12A379EFC00919D2A /* HB */,
			);
		};
/* End PBXProject section */

/* Begin PBXResourcesBuildPhase section */
		C034B3F02A379EFC00919D2A /* Resources */ = {
			isa = PBXResourcesBuildPhase;
			buildActionMask = 2147483647;
			files = (
				C034B4022A379EFC00919D2A /* LaunchScreen.storyboard in Resources */,
				C034B3FF2A379EFC00919D2A /* Assets.xcassets in Resources */,
				C034B3FD2A379EFC00919D2A /* Main.storyboard in Resources */,
			);
			runOnlyForDeploymentPostprocessing = 0;
		};
/* End PBXResourcesBuildPhase section */

/* Begin PBXSourcesBuildPhase section */
		C034B3EE2A379EFC00919D2A /* Sources */ = {
			isa = PBXSourcesBuildPhase;
			buildActionMask = 2147483647;
			files = (
				C034B4772A37A7E000919D2A /* HouseViewController.swift in Sources */,
				C034B49E2A37A7F700919D2A /* PeopleViewController.swift in Sources */,
				C034B4442A37A58400919D2A /* SignEmailViewController.swift in Sources */,
				C034B4A62A37A7F700919D2A /* StarCell.swift in Sources */,
				C034B4AA2A37A7F700919D2A /* UserCell.swift in Sources */,
				C034B4202A37A4D800919D2A /* AppCoordinator.swift in Sources */,
				C034B4262A37A50B00919D2A /* InitialViewController.swift in Sources */,
				C034B3F62A379EFC00919D2A /* AppDelegate.swift in Sources */,
				C034B4A52A37A7F700919D2A /* InterestingMapCell.swift in Sources */,
				C034B4182A37A26400919D2A /* Push.swift in Sources */,
				C034B46D2A37A7E000919D2A /* CityMomentsViewController.swift in Sources */,
				C034B4BB2A37A81100919D2A /* LocationSearchTable.swift in Sources */,
				C034B4E32A37A86600919D2A /* RoomsViewModel.swift in Sources */,
				C034B49C2A37A7F700919D2A /* PeopleSearchViewModel.swift in Sources */,
				C034B4DB2A37A86600919D2A /* MessageViewModel.swift in Sources */,
				C034B4E12A37A86600919D2A /* RoomBannedViewController.swift in Sources */,
				C034B4472A37A58400919D2A /* SignUpViewModel.swift in Sources */,
				C034B3F82A379EFC00919D2A /* SceneDelegate.swift in Sources */,
				C034B4462A37A58400919D2A /* SignUpViewController.swift in Sources */,
				C034B4752A37A7E000919D2A /* HouseViewModel.swift in Sources */,
				C034B44A2A37A58400919D2A /* VerifyPhoneViewController.swift in Sources */,
				C034B4A82A37A7F700919D2A /* InterestingStarCell.swift in Sources */,
				C034B4E72A37A86600919D2A /* RoomsViewController.swift in Sources */,
				C034B4762A37A7E000919D2A /* HouseView.swift in Sources */,
				C034B46F2A37A7E000919D2A /* CityViewModel.swift in Sources */,
				C034B46C2A37A7E000919D2A /* TopWishesViewModel.swift in Sources */,
				C034B4502A37A58400919D2A /* SignView.swift in Sources */,
				C034B4172A37A26400919D2A /* Queries.swift in Sources */,
				C034B42A2A37A55300919D2A /* AuthenticationCoordinator.swift in Sources */,
				C034B4732A37A7E000919D2A /* SearchViewController.swift in Sources */,
				C034B44B2A37A58400919D2A /* OnboardingProgressView.swift in Sources */,
				C034B4BC2A37A81100919D2A /* AddLocationViewModel.swift in Sources */,
				C034B4DF2A37A86600919D2A /* CustomTextMessageCollectionViewCell.swift in Sources */,
				C034B41A2A37A26400919D2A /* RealmHelper.swift in Sources */,
				C034B4522A37A58400919D2A /* SignHeaderView.swift in Sources */,
				C034B4162A37A26400919D2A /* BatchService.swift in Sources */,
				C034B4722A37A7E000919D2A /* TopWishesViewController.swift in Sources */,
				C034B4492A37A58400919D2A /* VerifyPhoneView.swift in Sources */,
				C034B4DC2A37A86600919D2A /* MessageViewController.swift in Sources */,
				C034B4DE2A37A86600919D2A /* InfoMessageCell.swift in Sources */,
				C034B4E02A37A86600919D2A /* RoomBannedViewModel.swift in Sources */,
				C034B4BF2A37A81100919D2A /* AddWishViewModel.swift in Sources */,
				C034B4A92A37A7F700919D2A /* InterestingHistoriesCell.swift in Sources */,
				C034B4BA2A37A81100919D2A /* CustomDashedView.swift in Sources */,
				C034B4BD2A37A81100919D2A /* AddMapViewController.swift in Sources */,
				C034B4742A37A7E000919D2A /* SearchViewModel.swift in Sources */,
				C034B46E2A37A7E000919D2A /* HomeViewModel.swift in Sources */,
				C034B4512A37A58400919D2A /* SignViewController.swift in Sources */,
				C034B45A2A37A5C300919D2A /* TabBarController.swift in Sources */,
				C034B44F2A37A58400919D2A /* SignViewModel.swift in Sources */,
				C034B4DA2A37A86600919D2A /* RoomSettingsViewController.swift in Sources */,
				C034B4532A37A58400919D2A /* SignPhoneViewModel.swift in Sources */,
				C034B4C22A37A81100919D2A /* AddWishCoordinator.swift in Sources */,
				C034B4AD2A37A7F700919D2A /* InterestingNewbieCell.swift in Sources */,
				C034B4A12A37A7F700919D2A /* PeopleSearchViewController.swift in Sources */,
				C034B4A32A37A7F700919D2A /* InterestingViewModel.swift in Sources */,
				C034B4982A37A7F700919D2A /* MapViewModel.swift in Sources */,
				C034B49D2A37A7F700919D2A /* PeopleViewModel.swift in Sources */,
				C034B4E62A37A86600919D2A /* RoomUserCell.swift in Sources */,
				C034B4542A37A58400919D2A /* SignPhoneView.swift in Sources */,
				C034B4192A37A26400919D2A /* Ref.swift in Sources */,
				C034B49A2A37A7F700919D2A /* MapViewWishCard.swift in Sources */,
				C034B4592A37A5C300919D2A /* TabBarCoordinator.swift in Sources */,
				C034B49B2A37A7F700919D2A /* WishMKAnnotationView.swift in Sources */,
				C034B4972A37A7F700919D2A /* MapViewController.swift in Sources */,
				C034B4272A37A50B00919D2A /* InitialCoordinator.swift in Sources */,
				C034B4AB2A37A7F700919D2A /* InterestingPeopleCell.swift in Sources */,
				C034B4A22A37A7F700919D2A /* InterestingCoordinator.swift in Sources */,
				C034B4992A37A7F700919D2A /* WishAnnotation.swift in Sources */,
				C034B4E52A37A86600919D2A /* RoomSettingsHeaderCell.swift in Sources */,
				C034B4712A37A7E000919D2A /* CityViewController.swift in Sources */,
				C034B4A42A37A7F700919D2A /* InterestingViewController.swift in Sources */,
				C034B4552A37A58400919D2A /* SignPhoneViewController.swift in Sources */,
				C034B4C12A37A81100919D2A /* AddWishViewController.swift in Sources */,
				C034B4C02A37A81100919D2A /* AddWishView.swift in Sources */,
				C034B41B2A37A26400919D2A /* StorageHelpers.swift in Sources */,
				C034B41D2A37A26400919D2A /* Database.swift in Sources */,
				C034B44E2A37A58400919D2A /* OnboardingViewModel.swift in Sources */,
				C034B4A02A37A7F700919D2A /* PeopleSearchCell.swift in Sources */,
				C034B4DD2A37A86600919D2A /* NewMemberCell.swift in Sources */,
				C034B4782A37A7E000919D2A /* FeedCoordinator.swift in Sources */,
				C034B4E22A37A86600919D2A /* RoomsCoordinator.swift in Sources */,
				C034B44C2A37A58400919D2A /* OnboardingViewController.swift in Sources */,
				C034B4482A37A58400919D2A /* SignUpView.swift in Sources */,
				C034B4702A37A7E000919D2A /* HomeViewController.swift in Sources */,
				C034B4D92A37A86600919D2A /* RoomSettingsViewModel.swift in Sources */,
				C034B4A72A37A7F700919D2A /* NewbieCell.swift in Sources */,
				C034B4AC2A37A7F700919D2A /* HistoryCell.swift in Sources */,
				C034B44D2A37A58400919D2A /* OnboardingCell.swift in Sources */,
				C034B4BE2A37A81100919D2A /* AddWishTypeViewController.swift in Sources */,
				C034B49F2A37A7F700919D2A /* PeopleCell.swift in Sources */,
				C034B41C2A37A26400919D2A /* DatabaseHelpers.swift in Sources */,
				C034B4252A37A50B00919D2A /* InitialViewModel.swift in Sources */,
				C034B4E42A37A86600919D2A /* RoomCell.swift in Sources */,
				C034B4452A37A58400919D2A /* SignEmailView.swift in Sources */,
			);
			runOnlyForDeploymentPostprocessing = 0;
		};
/* End PBXSourcesBuildPhase section */

/* Begin PBXVariantGroup section */
		C034B3FB2A379EFC00919D2A /* Main.storyboard */ = {
			isa = PBXVariantGroup;
			children = (
				C034B3FC2A379EFC00919D2A /* Base */,
			);
			name = Main.storyboard;
			sourceTree = "<group>";
		};
		C034B4002A379EFC00919D2A /* LaunchScreen.storyboard */ = {
			isa = PBXVariantGroup;
			children = (
				C034B4012A379EFC00919D2A /* Base */,
			);
			name = LaunchScreen.storyboard;
			sourceTree = "<group>";
		};
/* End PBXVariantGroup section */

/* Begin XCBuildConfiguration section */
		C034B4042A379EFC00919D2A /* Debug */ = {
			isa = XCBuildConfiguration;
			buildSettings = {
				ALWAYS_SEARCH_USER_PATHS = NO;
				CLANG_ANALYZER_NONNULL = YES;
				CLANG_ANALYZER_NUMBER_OBJECT_CONVERSION = YES_AGGRESSIVE;
				CLANG_CXX_LANGUAGE_STANDARD = "gnu++20";
				CLANG_ENABLE_MODULES = YES;
				CLANG_ENABLE_OBJC_ARC = YES;
				CLANG_ENABLE_OBJC_WEAK = YES;
				CLANG_WARN_BLOCK_CAPTURE_AUTORELEASING = YES;
				CLANG_WARN_BOOL_CONVERSION = YES;
				CLANG_WARN_COMMA = YES;
				CLANG_WARN_CONSTANT_CONVERSION = YES;
				CLANG_WARN_DEPRECATED_OBJC_IMPLEMENTATIONS = YES;
				CLANG_WARN_DIRECT_OBJC_ISA_USAGE = YES_ERROR;
				CLANG_WARN_DOCUMENTATION_COMMENTS = YES;
				CLANG_WARN_EMPTY_BODY = YES;
				CLANG_WARN_ENUM_CONVERSION = YES;
				CLANG_WARN_INFINITE_RECURSION = YES;
				CLANG_WARN_INT_CONVERSION = YES;
				CLANG_WARN_NON_LITERAL_NULL_CONVERSION = YES;
				CLANG_WARN_OBJC_IMPLICIT_RETAIN_SELF = YES;
				CLANG_WARN_OBJC_LITERAL_CONVERSION = YES;
				CLANG_WARN_OBJC_ROOT_CLASS = YES_ERROR;
				CLANG_WARN_QUOTED_INCLUDE_IN_FRAMEWORK_HEADER = YES;
				CLANG_WARN_RANGE_LOOP_ANALYSIS = YES;
				CLANG_WARN_STRICT_PROTOTYPES = YES;
				CLANG_WARN_SUSPICIOUS_MOVE = YES;
				CLANG_WARN_UNGUARDED_AVAILABILITY = YES_AGGRESSIVE;
				CLANG_WARN_UNREACHABLE_CODE = YES;
				CLANG_WARN__DUPLICATE_METHOD_MATCH = YES;
				COPY_PHASE_STRIP = NO;
				DEBUG_INFORMATION_FORMAT = dwarf;
				ENABLE_STRICT_OBJC_MSGSEND = YES;
				ENABLE_TESTABILITY = YES;
				GCC_C_LANGUAGE_STANDARD = gnu11;
				GCC_DYNAMIC_NO_PIC = NO;
				GCC_NO_COMMON_BLOCKS = YES;
				GCC_OPTIMIZATION_LEVEL = 0;
				GCC_PREPROCESSOR_DEFINITIONS = (
					"DEBUG=1",
					"$(inherited)",
				);
				GCC_WARN_64_TO_32_BIT_CONVERSION = YES;
				GCC_WARN_ABOUT_RETURN_TYPE = YES_ERROR;
				GCC_WARN_UNDECLARED_SELECTOR = YES;
				GCC_WARN_UNINITIALIZED_AUTOS = YES_AGGRESSIVE;
				GCC_WARN_UNUSED_FUNCTION = YES;
				GCC_WARN_UNUSED_VARIABLE = YES;
				IPHONEOS_DEPLOYMENT_TARGET = 16.1;
				MTL_ENABLE_DEBUG_INFO = INCLUDE_SOURCE;
				MTL_FAST_MATH = YES;
				ONLY_ACTIVE_ARCH = YES;
				SDKROOT = iphoneos;
				SWIFT_ACTIVE_COMPILATION_CONDITIONS = DEBUG;
				SWIFT_OPTIMIZATION_LEVEL = "-Onone";
			};
			name = Debug;
		};
		C034B4052A379EFC00919D2A /* Release */ = {
			isa = XCBuildConfiguration;
			buildSettings = {
				ALWAYS_SEARCH_USER_PATHS = NO;
				CLANG_ANALYZER_NONNULL = YES;
				CLANG_ANALYZER_NUMBER_OBJECT_CONVERSION = YES_AGGRESSIVE;
				CLANG_CXX_LANGUAGE_STANDARD = "gnu++20";
				CLANG_ENABLE_MODULES = YES;
				CLANG_ENABLE_OBJC_ARC = YES;
				CLANG_ENABLE_OBJC_WEAK = YES;
				CLANG_WARN_BLOCK_CAPTURE_AUTORELEASING = YES;
				CLANG_WARN_BOOL_CONVERSION = YES;
				CLANG_WARN_COMMA = YES;
				CLANG_WARN_CONSTANT_CONVERSION = YES;
				CLANG_WARN_DEPRECATED_OBJC_IMPLEMENTATIONS = YES;
				CLANG_WARN_DIRECT_OBJC_ISA_USAGE = YES_ERROR;
				CLANG_WARN_DOCUMENTATION_COMMENTS = YES;
				CLANG_WARN_EMPTY_BODY = YES;
				CLANG_WARN_ENUM_CONVERSION = YES;
				CLANG_WARN_INFINITE_RECURSION = YES;
				CLANG_WARN_INT_CONVERSION = YES;
				CLANG_WARN_NON_LITERAL_NULL_CONVERSION = YES;
				CLANG_WARN_OBJC_IMPLICIT_RETAIN_SELF = YES;
				CLANG_WARN_OBJC_LITERAL_CONVERSION = YES;
				CLANG_WARN_OBJC_ROOT_CLASS = YES_ERROR;
				CLANG_WARN_QUOTED_INCLUDE_IN_FRAMEWORK_HEADER = YES;
				CLANG_WARN_RANGE_LOOP_ANALYSIS = YES;
				CLANG_WARN_STRICT_PROTOTYPES = YES;
				CLANG_WARN_SUSPICIOUS_MOVE = YES;
				CLANG_WARN_UNGUARDED_AVAILABILITY = YES_AGGRESSIVE;
				CLANG_WARN_UNREACHABLE_CODE = YES;
				CLANG_WARN__DUPLICATE_METHOD_MATCH = YES;
				COPY_PHASE_STRIP = NO;
				DEBUG_INFORMATION_FORMAT = "dwarf-with-dsym";
				ENABLE_NS_ASSERTIONS = NO;
				ENABLE_STRICT_OBJC_MSGSEND = YES;
				GCC_C_LANGUAGE_STANDARD = gnu11;
				GCC_NO_COMMON_BLOCKS = YES;
				GCC_WARN_64_TO_32_BIT_CONVERSION = YES;
				GCC_WARN_ABOUT_RETURN_TYPE = YES_ERROR;
				GCC_WARN_UNDECLARED_SELECTOR = YES;
				GCC_WARN_UNINITIALIZED_AUTOS = YES_AGGRESSIVE;
				GCC_WARN_UNUSED_FUNCTION = YES;
				GCC_WARN_UNUSED_VARIABLE = YES;
				IPHONEOS_DEPLOYMENT_TARGET = 16.1;
				MTL_ENABLE_DEBUG_INFO = NO;
				MTL_FAST_MATH = YES;
				SDKROOT = iphoneos;
				SWIFT_COMPILATION_MODE = wholemodule;
				SWIFT_OPTIMIZATION_LEVEL = "-O";
				VALIDATE_PRODUCT = YES;
			};
			name = Release;
		};
		C034B4072A379EFC00919D2A /* Debug */ = {
			isa = XCBuildConfiguration;
			buildSettings = {
				ASSETCATALOG_COMPILER_APPICON_NAME = AppIcon;
				ASSETCATALOG_COMPILER_GLOBAL_ACCENT_COLOR_NAME = AccentColor;
				CODE_SIGN_STYLE = Automatic;
				CURRENT_PROJECT_VERSION = 1;
				GENERATE_INFOPLIST_FILE = YES;
				INFOPLIST_FILE = HB/Info.plist;
				INFOPLIST_KEY_UIApplicationSupportsIndirectInputEvents = YES;
				INFOPLIST_KEY_UILaunchStoryboardName = LaunchScreen;
				INFOPLIST_KEY_UIMainStoryboardFile = Main;
				INFOPLIST_KEY_UISupportedInterfaceOrientations_iPad = "UIInterfaceOrientationPortrait UIInterfaceOrientationPortraitUpsideDown UIInterfaceOrientationLandscapeLeft UIInterfaceOrientationLandscapeRight";
				INFOPLIST_KEY_UISupportedInterfaceOrientations_iPhone = "UIInterfaceOrientationPortrait UIInterfaceOrientationLandscapeLeft UIInterfaceOrientationLandscapeRight";
				LD_RUNPATH_SEARCH_PATHS = (
					"$(inherited)",
					"@executable_path/Frameworks",
				);
				MARKETING_VERSION = 1.0;
				PRODUCT_BUNDLE_IDENTIFIER = "tony-wavy.HB";
				PRODUCT_NAME = "$(TARGET_NAME)";
				SWIFT_EMIT_LOC_STRINGS = YES;
				SWIFT_VERSION = 5.0;
				TARGETED_DEVICE_FAMILY = "1,2";
			};
			name = Debug;
		};
		C034B4082A379EFC00919D2A /* Release */ = {
			isa = XCBuildConfiguration;
			buildSettings = {
				ASSETCATALOG_COMPILER_APPICON_NAME = AppIcon;
				ASSETCATALOG_COMPILER_GLOBAL_ACCENT_COLOR_NAME = AccentColor;
				CODE_SIGN_STYLE = Automatic;
				CURRENT_PROJECT_VERSION = 1;
				GENERATE_INFOPLIST_FILE = YES;
				INFOPLIST_FILE = HB/Info.plist;
				INFOPLIST_KEY_UIApplicationSupportsIndirectInputEvents = YES;
				INFOPLIST_KEY_UILaunchStoryboardName = LaunchScreen;
				INFOPLIST_KEY_UIMainStoryboardFile = Main;
				INFOPLIST_KEY_UISupportedInterfaceOrientations_iPad = "UIInterfaceOrientationPortrait UIInterfaceOrientationPortraitUpsideDown UIInterfaceOrientationLandscapeLeft UIInterfaceOrientationLandscapeRight";
				INFOPLIST_KEY_UISupportedInterfaceOrientations_iPhone = "UIInterfaceOrientationPortrait UIInterfaceOrientationLandscapeLeft UIInterfaceOrientationLandscapeRight";
				LD_RUNPATH_SEARCH_PATHS = (
					"$(inherited)",
					"@executable_path/Frameworks",
				);
				MARKETING_VERSION = 1.0;
				PRODUCT_BUNDLE_IDENTIFIER = "tony-wavy.HB";
				PRODUCT_NAME = "$(TARGET_NAME)";
				SWIFT_EMIT_LOC_STRINGS = YES;
				SWIFT_VERSION = 5.0;
				TARGETED_DEVICE_FAMILY = "1,2";
			};
			name = Release;
		};
/* End XCBuildConfiguration section */

/* Begin XCConfigurationList section */
		C034B3ED2A379EFC00919D2A /* Build configuration list for PBXProject "HB" */ = {
			isa = XCConfigurationList;
			buildConfigurations = (
				C034B4042A379EFC00919D2A /* Debug */,
				C034B4052A379EFC00919D2A /* Release */,
			);
			defaultConfigurationIsVisible = 0;
			defaultConfigurationName = Release;
		};
		C034B4062A379EFC00919D2A /* Build configuration list for PBXNativeTarget "HB" */ = {
			isa = XCConfigurationList;
			buildConfigurations = (
				C034B4072A379EFC00919D2A /* Debug */,
				C034B4082A379EFC00919D2A /* Release */,
			);
			defaultConfigurationIsVisible = 0;
			defaultConfigurationName = Release;
		};
/* End XCConfigurationList section */
	};
	rootObject = C034B3EA2A379EFC00919D2A /* Project object */;
}
